// !$*UTF8*$!
{
	archiveVersion = 1;
	classes = {
	};
	objectVersion = 50;
	objects = {

/* Begin PBXBuildFile section */
		1F5ADA252503EE79006662FB /* ArticlesApi.swift in Sources */ = {isa = PBXBuildFile; fileRef = 1F5ADA242503EE79006662FB /* ArticlesApi.swift */; };
		1F5ADA272503EEFA006662FB /* ArticleEntity.swift in Sources */ = {isa = PBXBuildFile; fileRef = 1F5ADA262503EEFA006662FB /* ArticleEntity.swift */; };
		1F5ADA2A2503EFB4006662FB /* Articles.swift in Sources */ = {isa = PBXBuildFile; fileRef = 1F5ADA292503EFB4006662FB /* Articles.swift */; };
		1F5ADA2C2503EFBD006662FB /* Article.swift in Sources */ = {isa = PBXBuildFile; fileRef = 1F5ADA2B2503EFBD006662FB /* Article.swift */; };
		1F5ADA2E2503EFC8006662FB /* ArticleUser.swift in Sources */ = {isa = PBXBuildFile; fileRef = 1F5ADA2D2503EFC8006662FB /* ArticleUser.swift */; };
		1F5ADA302503EFD2006662FB /* ArticleId.swift in Sources */ = {isa = PBXBuildFile; fileRef = 1F5ADA2F2503EFD2006662FB /* ArticleId.swift */; };
		1F5ADA322503EFDB006662FB /* ArticleDate.swift in Sources */ = {isa = PBXBuildFile; fileRef = 1F5ADA312503EFDB006662FB /* ArticleDate.swift */; };
		1F5ADA342503F0D5006662FB /* ArticlesMapper.swift in Sources */ = {isa = PBXBuildFile; fileRef = 1F5ADA332503F0D5006662FB /* ArticlesMapper.swift */; };
		1F5ADA362503F148006662FB /* ArticlesRepository.swift in Sources */ = {isa = PBXBuildFile; fileRef = 1F5ADA352503F148006662FB /* ArticlesRepository.swift */; };
		1F5ADA382503F173006662FB /* ArticlesRepositoryImpl.swift in Sources */ = {isa = PBXBuildFile; fileRef = 1F5ADA372503F173006662FB /* ArticlesRepositoryImpl.swift */; };
		1F5ADA3A2503F217006662FB /* FetchArticlesUseCase.swift in Sources */ = {isa = PBXBuildFile; fileRef = 1F5ADA392503F217006662FB /* FetchArticlesUseCase.swift */; };
		1F5ADA3C2503F220006662FB /* FetchArticlesUseCaseImpl.swift in Sources */ = {isa = PBXBuildFile; fileRef = 1F5ADA3B2503F220006662FB /* FetchArticlesUseCaseImpl.swift */; };
		1F5ADA3F2503F2EB006662FB /* ArticleListState.swift in Sources */ = {isa = PBXBuildFile; fileRef = 1F5ADA3E2503F2EB006662FB /* ArticleListState.swift */; };
		1F5ADA412503F319006662FB /* ArticleListViewModel.swift in Sources */ = {isa = PBXBuildFile; fileRef = 1F5ADA402503F319006662FB /* ArticleListViewModel.swift */; };
		1F5ADA442503F40A006662FB /* ArticleListView.swift in Sources */ = {isa = PBXBuildFile; fileRef = 1F5ADA432503F40A006662FB /* ArticleListView.swift */; };
		1F5ADA472503F4B5006662FB /* ArticleDetailView.swift in Sources */ = {isa = PBXBuildFile; fileRef = 1F5ADA462503F4B5006662FB /* ArticleDetailView.swift */; };
		1F7F4CDD24CD997500968C74 /* MainView.swift in Sources */ = {isa = PBXBuildFile; fileRef = 1F7F4CDC24CD997500968C74 /* MainView.swift */; };
		1F7F4CE224CD99CE00968C74 /* FavoriteView.swift in Sources */ = {isa = PBXBuildFile; fileRef = 1F7F4CE124CD99CE00968C74 /* FavoriteView.swift */; };
		1F7F4CE824CDAB6300968C74 /* ApiAssembly.swift in Sources */ = {isa = PBXBuildFile; fileRef = 1F7F4CE724CDAB6300968C74 /* ApiAssembly.swift */; };
		1F7F4CEA24CDABD200968C74 /* RepositoryAssembly.swift in Sources */ = {isa = PBXBuildFile; fileRef = 1F7F4CE924CDABD200968C74 /* RepositoryAssembly.swift */; };
		1F7F4CEC24CDAC4F00968C74 /* UseCaseAssembly.swift in Sources */ = {isa = PBXBuildFile; fileRef = 1F7F4CEB24CDAC4F00968C74 /* UseCaseAssembly.swift */; };
		1F7F4CEE24CDACE800968C74 /* ViewModelAssembly.swift in Sources */ = {isa = PBXBuildFile; fileRef = 1F7F4CED24CDACE800968C74 /* ViewModelAssembly.swift */; };
		1F7F4CF124CDAE3E00968C74 /* Swinject.swift in Sources */ = {isa = PBXBuildFile; fileRef = 1F7F4CF024CDAE3E00968C74 /* Swinject.swift */; };
		1F7F4CF424CDB41700968C74 /* ActivityIndicator.swift in Sources */ = {isa = PBXBuildFile; fileRef = 1F7F4CF324CDB41700968C74 /* ActivityIndicator.swift */; };
		1F9B941424CAB85F0084AB76 /* AppDelegate.swift in Sources */ = {isa = PBXBuildFile; fileRef = 1F9B941324CAB85F0084AB76 /* AppDelegate.swift */; };
		1F9B941624CAB85F0084AB76 /* SceneDelegate.swift in Sources */ = {isa = PBXBuildFile; fileRef = 1F9B941524CAB85F0084AB76 /* SceneDelegate.swift */; };
		1F9B941A24CAB8610084AB76 /* Assets.xcassets in Resources */ = {isa = PBXBuildFile; fileRef = 1F9B941924CAB8610084AB76 /* Assets.xcassets */; };
		1F9B941D24CAB8610084AB76 /* Preview Assets.xcassets in Resources */ = {isa = PBXBuildFile; fileRef = 1F9B941C24CAB8610084AB76 /* Preview Assets.xcassets */; };
		1F9B942024CAB8610084AB76 /* LaunchScreen.storyboard in Resources */ = {isa = PBXBuildFile; fileRef = 1F9B941E24CAB8610084AB76 /* LaunchScreen.storyboard */; };
		1F9B942B24CAB8610084AB76 /* CleanArchitectureExampleTests.swift in Sources */ = {isa = PBXBuildFile; fileRef = 1F9B942A24CAB8610084AB76 /* CleanArchitectureExampleTests.swift */; };
		1F9B943624CAB8610084AB76 /* CleanArchitectureExampleUITests.swift in Sources */ = {isa = PBXBuildFile; fileRef = 1F9B943524CAB8610084AB76 /* CleanArchitectureExampleUITests.swift */; };
		1F9B944424CAB9F80084AB76 /* README.md in Resources */ = {isa = PBXBuildFile; fileRef = 1F9B944324CAB9F80084AB76 /* README.md */; };
		1FBDD7F524CF4825007EF4BC /* ErrorView.swift in Sources */ = {isa = PBXBuildFile; fileRef = 1FBDD7F424CF4825007EF4BC /* ErrorView.swift */; };
		1FBDD7F724CF4AFF007EF4BC /* LoadingView.swift in Sources */ = {isa = PBXBuildFile; fileRef = 1FBDD7F624CF4AFF007EF4BC /* LoadingView.swift */; };
		1FD421AD24CD4916004355F9 /* Swinject.framework in Frameworks */ = {isa = PBXBuildFile; fileRef = 1FD421AC24CD4916004355F9 /* Swinject.framework */; };
		1FD421AE24CD4916004355F9 /* Swinject.framework in Embed Frameworks */ = {isa = PBXBuildFile; fileRef = 1FD421AC24CD4916004355F9 /* Swinject.framework */; settings = {ATTRIBUTES = (CodeSignOnCopy, RemoveHeadersOnCopy, ); }; };
		1FD421C224CD57EA004355F9 /* ApiConstants.swift in Sources */ = {isa = PBXBuildFile; fileRef = 1FD421C124CD57EA004355F9 /* ApiConstants.swift */; };
		1FD421C724CD59D4004355F9 /* UserEntity.swift in Sources */ = {isa = PBXBuildFile; fileRef = 1FD421C624CD59D4004355F9 /* UserEntity.swift */; };
		1FD421CC24CD60B4004355F9 /* ApiError.swift in Sources */ = {isa = PBXBuildFile; fileRef = 1FD421CB24CD60B4004355F9 /* ApiError.swift */; };
/* End PBXBuildFile section */

/* Begin PBXContainerItemProxy section */
		1F9B942724CAB8610084AB76 /* PBXContainerItemProxy */ = {
			isa = PBXContainerItemProxy;
			containerPortal = 1F9B940824CAB85F0084AB76 /* Project object */;
			proxyType = 1;
			remoteGlobalIDString = 1F9B940F24CAB85F0084AB76;
			remoteInfo = CleanArchitectureExample;
		};
		1F9B943224CAB8610084AB76 /* PBXContainerItemProxy */ = {
			isa = PBXContainerItemProxy;
			containerPortal = 1F9B940824CAB85F0084AB76 /* Project object */;
			proxyType = 1;
			remoteGlobalIDString = 1F9B940F24CAB85F0084AB76;
			remoteInfo = CleanArchitectureExample;
		};
/* End PBXContainerItemProxy section */

/* Begin PBXCopyFilesBuildPhase section */
		1FD421AF24CD4916004355F9 /* Embed Frameworks */ = {
			isa = PBXCopyFilesBuildPhase;
			buildActionMask = 2147483647;
			dstPath = "";
			dstSubfolderSpec = 10;
			files = (
				1FD421AE24CD4916004355F9 /* Swinject.framework in Embed Frameworks */,
			);
			name = "Embed Frameworks";
			runOnlyForDeploymentPostprocessing = 0;
		};
/* End PBXCopyFilesBuildPhase section */

/* Begin PBXFileReference section */
		1F5ADA242503EE79006662FB /* ArticlesApi.swift */ = {isa = PBXFileReference; lastKnownFileType = sourcecode.swift; path = ArticlesApi.swift; sourceTree = "<group>"; };
		1F5ADA262503EEFA006662FB /* ArticleEntity.swift */ = {isa = PBXFileReference; lastKnownFileType = sourcecode.swift; path = ArticleEntity.swift; sourceTree = "<group>"; };
		1F5ADA292503EFB4006662FB /* Articles.swift */ = {isa = PBXFileReference; lastKnownFileType = sourcecode.swift; path = Articles.swift; sourceTree = "<group>"; };
		1F5ADA2B2503EFBD006662FB /* Article.swift */ = {isa = PBXFileReference; lastKnownFileType = sourcecode.swift; path = Article.swift; sourceTree = "<group>"; };
		1F5ADA2D2503EFC8006662FB /* ArticleUser.swift */ = {isa = PBXFileReference; lastKnownFileType = sourcecode.swift; path = ArticleUser.swift; sourceTree = "<group>"; };
		1F5ADA2F2503EFD2006662FB /* ArticleId.swift */ = {isa = PBXFileReference; lastKnownFileType = sourcecode.swift; path = ArticleId.swift; sourceTree = "<group>"; };
		1F5ADA312503EFDB006662FB /* ArticleDate.swift */ = {isa = PBXFileReference; lastKnownFileType = sourcecode.swift; path = ArticleDate.swift; sourceTree = "<group>"; };
		1F5ADA332503F0D5006662FB /* ArticlesMapper.swift */ = {isa = PBXFileReference; lastKnownFileType = sourcecode.swift; path = ArticlesMapper.swift; sourceTree = "<group>"; };
		1F5ADA352503F148006662FB /* ArticlesRepository.swift */ = {isa = PBXFileReference; lastKnownFileType = sourcecode.swift; path = ArticlesRepository.swift; sourceTree = "<group>"; };
		1F5ADA372503F173006662FB /* ArticlesRepositoryImpl.swift */ = {isa = PBXFileReference; lastKnownFileType = sourcecode.swift; path = ArticlesRepositoryImpl.swift; sourceTree = "<group>"; };
		1F5ADA392503F217006662FB /* FetchArticlesUseCase.swift */ = {isa = PBXFileReference; lastKnownFileType = sourcecode.swift; path = FetchArticlesUseCase.swift; sourceTree = "<group>"; };
		1F5ADA3B2503F220006662FB /* FetchArticlesUseCaseImpl.swift */ = {isa = PBXFileReference; lastKnownFileType = sourcecode.swift; path = FetchArticlesUseCaseImpl.swift; sourceTree = "<group>"; };
		1F5ADA3E2503F2EB006662FB /* ArticleListState.swift */ = {isa = PBXFileReference; lastKnownFileType = sourcecode.swift; path = ArticleListState.swift; sourceTree = "<group>"; };
		1F5ADA402503F319006662FB /* ArticleListViewModel.swift */ = {isa = PBXFileReference; lastKnownFileType = sourcecode.swift; path = ArticleListViewModel.swift; sourceTree = "<group>"; };
		1F5ADA432503F40A006662FB /* ArticleListView.swift */ = {isa = PBXFileReference; lastKnownFileType = sourcecode.swift; path = ArticleListView.swift; sourceTree = "<group>"; };
		1F5ADA462503F4B5006662FB /* ArticleDetailView.swift */ = {isa = PBXFileReference; lastKnownFileType = sourcecode.swift; path = ArticleDetailView.swift; sourceTree = "<group>"; };
		1F7F4CDC24CD997500968C74 /* MainView.swift */ = {isa = PBXFileReference; lastKnownFileType = sourcecode.swift; path = MainView.swift; sourceTree = "<group>"; };
		1F7F4CE124CD99CE00968C74 /* FavoriteView.swift */ = {isa = PBXFileReference; lastKnownFileType = sourcecode.swift; path = FavoriteView.swift; sourceTree = "<group>"; };
		1F7F4CE724CDAB6300968C74 /* ApiAssembly.swift */ = {isa = PBXFileReference; lastKnownFileType = sourcecode.swift; path = ApiAssembly.swift; sourceTree = "<group>"; };
		1F7F4CE924CDABD200968C74 /* RepositoryAssembly.swift */ = {isa = PBXFileReference; lastKnownFileType = sourcecode.swift; path = RepositoryAssembly.swift; sourceTree = "<group>"; };
		1F7F4CEB24CDAC4F00968C74 /* UseCaseAssembly.swift */ = {isa = PBXFileReference; lastKnownFileType = sourcecode.swift; path = UseCaseAssembly.swift; sourceTree = "<group>"; };
		1F7F4CED24CDACE800968C74 /* ViewModelAssembly.swift */ = {isa = PBXFileReference; lastKnownFileType = sourcecode.swift; path = ViewModelAssembly.swift; sourceTree = "<group>"; };
		1F7F4CF024CDAE3E00968C74 /* Swinject.swift */ = {isa = PBXFileReference; lastKnownFileType = sourcecode.swift; path = Swinject.swift; sourceTree = "<group>"; };
		1F7F4CF324CDB41700968C74 /* ActivityIndicator.swift */ = {isa = PBXFileReference; lastKnownFileType = sourcecode.swift; path = ActivityIndicator.swift; sourceTree = "<group>"; };
		1F9B941024CAB85F0084AB76 /* CleanArchitectureExample.app */ = {isa = PBXFileReference; explicitFileType = wrapper.application; includeInIndex = 0; path = CleanArchitectureExample.app; sourceTree = BUILT_PRODUCTS_DIR; };
		1F9B941324CAB85F0084AB76 /* AppDelegate.swift */ = {isa = PBXFileReference; lastKnownFileType = sourcecode.swift; path = AppDelegate.swift; sourceTree = "<group>"; };
		1F9B941524CAB85F0084AB76 /* SceneDelegate.swift */ = {isa = PBXFileReference; lastKnownFileType = sourcecode.swift; path = SceneDelegate.swift; sourceTree = "<group>"; };
		1F9B941924CAB8610084AB76 /* Assets.xcassets */ = {isa = PBXFileReference; lastKnownFileType = folder.assetcatalog; path = Assets.xcassets; sourceTree = "<group>"; };
		1F9B941C24CAB8610084AB76 /* Preview Assets.xcassets */ = {isa = PBXFileReference; lastKnownFileType = folder.assetcatalog; path = "Preview Assets.xcassets"; sourceTree = "<group>"; };
		1F9B941F24CAB8610084AB76 /* Base */ = {isa = PBXFileReference; lastKnownFileType = file.storyboard; name = Base; path = Base.lproj/LaunchScreen.storyboard; sourceTree = "<group>"; };
		1F9B942124CAB8610084AB76 /* Info.plist */ = {isa = PBXFileReference; lastKnownFileType = text.plist.xml; path = Info.plist; sourceTree = "<group>"; };
		1F9B942624CAB8610084AB76 /* CleanArchitectureExampleTests.xctest */ = {isa = PBXFileReference; explicitFileType = wrapper.cfbundle; includeInIndex = 0; path = CleanArchitectureExampleTests.xctest; sourceTree = BUILT_PRODUCTS_DIR; };
		1F9B942A24CAB8610084AB76 /* CleanArchitectureExampleTests.swift */ = {isa = PBXFileReference; lastKnownFileType = sourcecode.swift; path = CleanArchitectureExampleTests.swift; sourceTree = "<group>"; };
		1F9B942C24CAB8610084AB76 /* Info.plist */ = {isa = PBXFileReference; lastKnownFileType = text.plist.xml; path = Info.plist; sourceTree = "<group>"; };
		1F9B943124CAB8610084AB76 /* CleanArchitectureExampleUITests.xctest */ = {isa = PBXFileReference; explicitFileType = wrapper.cfbundle; includeInIndex = 0; path = CleanArchitectureExampleUITests.xctest; sourceTree = BUILT_PRODUCTS_DIR; };
		1F9B943524CAB8610084AB76 /* CleanArchitectureExampleUITests.swift */ = {isa = PBXFileReference; lastKnownFileType = sourcecode.swift; path = CleanArchitectureExampleUITests.swift; sourceTree = "<group>"; };
		1F9B943724CAB8610084AB76 /* Info.plist */ = {isa = PBXFileReference; lastKnownFileType = text.plist.xml; path = Info.plist; sourceTree = "<group>"; };
		1F9B944324CAB9F80084AB76 /* README.md */ = {isa = PBXFileReference; lastKnownFileType = net.daringfireball.markdown; path = README.md; sourceTree = "<group>"; };
		1FBDD7F424CF4825007EF4BC /* ErrorView.swift */ = {isa = PBXFileReference; lastKnownFileType = sourcecode.swift; path = ErrorView.swift; sourceTree = "<group>"; };
		1FBDD7F624CF4AFF007EF4BC /* LoadingView.swift */ = {isa = PBXFileReference; lastKnownFileType = sourcecode.swift; path = LoadingView.swift; sourceTree = "<group>"; };
		1FD421AC24CD4916004355F9 /* Swinject.framework */ = {isa = PBXFileReference; lastKnownFileType = wrapper.framework; name = Swinject.framework; path = Carthage/Build/iOS/Swinject.framework; sourceTree = "<group>"; };
		1FD421C124CD57EA004355F9 /* ApiConstants.swift */ = {isa = PBXFileReference; lastKnownFileType = sourcecode.swift; path = ApiConstants.swift; sourceTree = "<group>"; };
		1FD421C624CD59D4004355F9 /* UserEntity.swift */ = {isa = PBXFileReference; lastKnownFileType = sourcecode.swift; path = UserEntity.swift; sourceTree = "<group>"; };
		1FD421CB24CD60B4004355F9 /* ApiError.swift */ = {isa = PBXFileReference; lastKnownFileType = sourcecode.swift; path = ApiError.swift; sourceTree = "<group>"; };
/* End PBXFileReference section */

/* Begin PBXFrameworksBuildPhase section */
		1F9B940D24CAB85F0084AB76 /* Frameworks */ = {
			isa = PBXFrameworksBuildPhase;
			buildActionMask = 2147483647;
			files = (
				1FD421AD24CD4916004355F9 /* Swinject.framework in Frameworks */,
			);
			runOnlyForDeploymentPostprocessing = 0;
		};
		1F9B942324CAB8610084AB76 /* Frameworks */ = {
			isa = PBXFrameworksBuildPhase;
			buildActionMask = 2147483647;
			files = (
			);
			runOnlyForDeploymentPostprocessing = 0;
		};
		1F9B942E24CAB8610084AB76 /* Frameworks */ = {
			isa = PBXFrameworksBuildPhase;
			buildActionMask = 2147483647;
			files = (
			);
			runOnlyForDeploymentPostprocessing = 0;
		};
/* End PBXFrameworksBuildPhase section */

/* Begin PBXGroup section */
		1F5ADA282503EFA5006662FB /* Articles */ = {
			isa = PBXGroup;
			children = (
				1F5ADA292503EFB4006662FB /* Articles.swift */,
				1F5ADA2B2503EFBD006662FB /* Article.swift */,
				1F5ADA2D2503EFC8006662FB /* ArticleUser.swift */,
				1F5ADA2F2503EFD2006662FB /* ArticleId.swift */,
				1F5ADA312503EFDB006662FB /* ArticleDate.swift */,
			);
			path = Articles;
			sourceTree = "<group>";
		};
		1F5ADA3D2503F2DE006662FB /* ArticleList */ = {
			isa = PBXGroup;
			children = (
				1F5ADA3E2503F2EB006662FB /* ArticleListState.swift */,
				1F5ADA402503F319006662FB /* ArticleListViewModel.swift */,
			);
			path = ArticleList;
			sourceTree = "<group>";
		};
		1F5ADA422503F3FA006662FB /* ArticleList */ = {
			isa = PBXGroup;
			children = (
				1F5ADA432503F40A006662FB /* ArticleListView.swift */,
			);
			path = ArticleList;
			sourceTree = "<group>";
		};
		1F5ADA452503F4A8006662FB /* ArticleDetail */ = {
			isa = PBXGroup;
			children = (
				1F5ADA462503F4B5006662FB /* ArticleDetailView.swift */,
			);
			path = ArticleDetail;
			sourceTree = "<group>";
		};
		1F7F4CDB24CD995E00968C74 /* Main */ = {
			isa = PBXGroup;
			children = (
				1F7F4CDC24CD997500968C74 /* MainView.swift */,
			);
			path = Main;
			sourceTree = "<group>";
		};
		1F7F4CE024CD99BE00968C74 /* Favorite */ = {
			isa = PBXGroup;
			children = (
				1F7F4CE124CD99CE00968C74 /* FavoriteView.swift */,
			);
			path = Favorite;
			sourceTree = "<group>";
		};
		1F7F4CEF24CDAE3300968C74 /* DI */ = {
			isa = PBXGroup;
			children = (
				1F7F4CF024CDAE3E00968C74 /* Swinject.swift */,
			);
			path = DI;
			sourceTree = "<group>";
		};
		1F7F4CF224CDB3E200968C74 /* Common */ = {
			isa = PBXGroup;
			children = (
				1F7F4CF324CDB41700968C74 /* ActivityIndicator.swift */,
				1FBDD7F424CF4825007EF4BC /* ErrorView.swift */,
				1FBDD7F624CF4AFF007EF4BC /* LoadingView.swift */,
			);
			path = Common;
			sourceTree = "<group>";
		};
		1F9B940724CAB85F0084AB76 = {
			isa = PBXGroup;
			children = (
				1F9B944324CAB9F80084AB76 /* README.md */,
				1F9B941224CAB85F0084AB76 /* CleanArchitectureExample */,
				1F9B942924CAB8610084AB76 /* CleanArchitectureExampleTests */,
				1F9B943424CAB8610084AB76 /* CleanArchitectureExampleUITests */,
				1F9B941124CAB85F0084AB76 /* Products */,
				1FD421AB24CD4915004355F9 /* Frameworks */,
			);
			sourceTree = "<group>";
		};
		1F9B941124CAB85F0084AB76 /* Products */ = {
			isa = PBXGroup;
			children = (
				1F9B941024CAB85F0084AB76 /* CleanArchitectureExample.app */,
				1F9B942624CAB8610084AB76 /* CleanArchitectureExampleTests.xctest */,
				1F9B943124CAB8610084AB76 /* CleanArchitectureExampleUITests.xctest */,
			);
			name = Products;
			sourceTree = "<group>";
		};
		1F9B941224CAB85F0084AB76 /* CleanArchitectureExample */ = {
			isa = PBXGroup;
			children = (
				1F7F4CEF24CDAE3300968C74 /* DI */,
				1F9B942124CAB8610084AB76 /* Info.plist */,
				1F9B941324CAB85F0084AB76 /* AppDelegate.swift */,
				1F9B941524CAB85F0084AB76 /* SceneDelegate.swift */,
				1F9B941924CAB8610084AB76 /* Assets.xcassets */,
				1FD421C024CD57D7004355F9 /* Constant */,
				1FD421B424CD4B3C004355F9 /* Data */,
				1FD421B624CD4B3C004355F9 /* Domain */,
				1FD421CA24CD60A8004355F9 /* Error */,
				1F9B941E24CAB8610084AB76 /* LaunchScreen.storyboard */,
				1FD421B524CD4B3C004355F9 /* Presentation */,
				1F9B941B24CAB8610084AB76 /* Preview Content */,
			);
			path = CleanArchitectureExample;
			sourceTree = "<group>";
		};
		1F9B941B24CAB8610084AB76 /* Preview Content */ = {
			isa = PBXGroup;
			children = (
				1F9B941C24CAB8610084AB76 /* Preview Assets.xcassets */,
			);
			path = "Preview Content";
			sourceTree = "<group>";
		};
		1F9B942924CAB8610084AB76 /* CleanArchitectureExampleTests */ = {
			isa = PBXGroup;
			children = (
				1F9B942A24CAB8610084AB76 /* CleanArchitectureExampleTests.swift */,
				1F9B942C24CAB8610084AB76 /* Info.plist */,
			);
			path = CleanArchitectureExampleTests;
			sourceTree = "<group>";
		};
		1F9B943424CAB8610084AB76 /* CleanArchitectureExampleUITests */ = {
			isa = PBXGroup;
			children = (
				1F9B943524CAB8610084AB76 /* CleanArchitectureExampleUITests.swift */,
				1F9B943724CAB8610084AB76 /* Info.plist */,
			);
			path = CleanArchitectureExampleUITests;
			sourceTree = "<group>";
		};
		1FD421AB24CD4915004355F9 /* Frameworks */ = {
			isa = PBXGroup;
			children = (
				1FD421AC24CD4916004355F9 /* Swinject.framework */,
			);
			name = Frameworks;
			sourceTree = "<group>";
		};
		1FD421B424CD4B3C004355F9 /* Data */ = {
			isa = PBXGroup;
			children = (
				1FD421B924CD4C09004355F9 /* Api */,
				1FD421BB24CD4C09004355F9 /* Entity */,
				1FD421BC24CD4C09004355F9 /* Mapper */,
				1FD421BA24CD4C09004355F9 /* Repository */,
			);
			path = Data;
			sourceTree = "<group>";
		};
		1FD421B524CD4B3C004355F9 /* Presentation */ = {
			isa = PBXGroup;
			children = (
				1FD421B824CD4B70004355F9 /* View */,
				1FD421B724CD4B70004355F9 /* ViewModel */,
			);
			path = Presentation;
			sourceTree = "<group>";
		};
		1FD421B624CD4B3C004355F9 /* Domain */ = {
			isa = PBXGroup;
			children = (
				1FD421BF24CD4C23004355F9 /* Model */,
				1FD421BD24CD4C23004355F9 /* Repository */,
				1FD421BE24CD4C23004355F9 /* UseCase */,
			);
			path = Domain;
			sourceTree = "<group>";
		};
		1FD421B724CD4B70004355F9 /* ViewModel */ = {
			isa = PBXGroup;
			children = (
				1F5ADA3D2503F2DE006662FB /* ArticleList */,
				1F7F4CED24CDACE800968C74 /* ViewModelAssembly.swift */,
			);
			path = ViewModel;
			sourceTree = "<group>";
		};
		1FD421B824CD4B70004355F9 /* View */ = {
			isa = PBXGroup;
			children = (
				1F5ADA452503F4A8006662FB /* ArticleDetail */,
				1F5ADA422503F3FA006662FB /* ArticleList */,
				1F7F4CF224CDB3E200968C74 /* Common */,
				1F7F4CE024CD99BE00968C74 /* Favorite */,
				1F7F4CDB24CD995E00968C74 /* Main */,
			);
			path = View;
			sourceTree = "<group>";
		};
		1FD421B924CD4C09004355F9 /* Api */ = {
			isa = PBXGroup;
			children = (
				1F7F4CE724CDAB6300968C74 /* ApiAssembly.swift */,
				1F5ADA242503EE79006662FB /* ArticlesApi.swift */,
			);
			path = Api;
			sourceTree = "<group>";
		};
		1FD421BA24CD4C09004355F9 /* Repository */ = {
			isa = PBXGroup;
			children = (
				1F7F4CE924CDABD200968C74 /* RepositoryAssembly.swift */,
				1F5ADA372503F173006662FB /* ArticlesRepositoryImpl.swift */,
			);
			path = Repository;
			sourceTree = "<group>";
		};
		1FD421BB24CD4C09004355F9 /* Entity */ = {
			isa = PBXGroup;
			children = (
				1FD421C624CD59D4004355F9 /* UserEntity.swift */,
				1F5ADA262503EEFA006662FB /* ArticleEntity.swift */,
			);
			path = Entity;
			sourceTree = "<group>";
		};
		1FD421BC24CD4C09004355F9 /* Mapper */ = {
			isa = PBXGroup;
			children = (
				1F5ADA332503F0D5006662FB /* ArticlesMapper.swift */,
			);
			path = Mapper;
			sourceTree = "<group>";
		};
		1FD421BD24CD4C23004355F9 /* Repository */ = {
			isa = PBXGroup;
			children = (
				1F5ADA352503F148006662FB /* ArticlesRepository.swift */,
			);
			path = Repository;
			sourceTree = "<group>";
		};
		1FD421BE24CD4C23004355F9 /* UseCase */ = {
			isa = PBXGroup;
			children = (
				1F7F4CEB24CDAC4F00968C74 /* UseCaseAssembly.swift */,
				1F5ADA392503F217006662FB /* FetchArticlesUseCase.swift */,
				1F5ADA3B2503F220006662FB /* FetchArticlesUseCaseImpl.swift */,
			);
			path = UseCase;
			sourceTree = "<group>";
		};
		1FD421BF24CD4C23004355F9 /* Model */ = {
			isa = PBXGroup;
			children = (
				1F5ADA282503EFA5006662FB /* Articles */,
			);
			path = Model;
			sourceTree = "<group>";
		};
		1FD421C024CD57D7004355F9 /* Constant */ = {
			isa = PBXGroup;
			children = (
				1FD421C124CD57EA004355F9 /* ApiConstants.swift */,
			);
			path = Constant;
			sourceTree = "<group>";
		};
		1FD421CA24CD60A8004355F9 /* Error */ = {
			isa = PBXGroup;
			children = (
				1FD421CB24CD60B4004355F9 /* ApiError.swift */,
			);
			path = Error;
			sourceTree = "<group>";
		};
/* End PBXGroup section */

/* Begin PBXNativeTarget section */
		1F9B940F24CAB85F0084AB76 /* CleanArchitectureExample */ = {
			isa = PBXNativeTarget;
			buildConfigurationList = 1F9B943A24CAB8610084AB76 /* Build configuration list for PBXNativeTarget "CleanArchitectureExample" */;
			buildPhases = (
				1F9B940C24CAB85F0084AB76 /* Sources */,
				1F9B940D24CAB85F0084AB76 /* Frameworks */,
				1F9B940E24CAB85F0084AB76 /* Resources */,
				1FD421AF24CD4916004355F9 /* Embed Frameworks */,
				1FD421B024CD492F004355F9 /* ShellScript */,
			);
			buildRules = (
			);
			dependencies = (
			);
			name = CleanArchitectureExample;
			productName = CleanArchitectureExample;
			productReference = 1F9B941024CAB85F0084AB76 /* CleanArchitectureExample.app */;
			productType = "com.apple.product-type.application";
		};
		1F9B942524CAB8610084AB76 /* CleanArchitectureExampleTests */ = {
			isa = PBXNativeTarget;
			buildConfigurationList = 1F9B943D24CAB8610084AB76 /* Build configuration list for PBXNativeTarget "CleanArchitectureExampleTests" */;
			buildPhases = (
				1F9B942224CAB8610084AB76 /* Sources */,
				1F9B942324CAB8610084AB76 /* Frameworks */,
				1F9B942424CAB8610084AB76 /* Resources */,
			);
			buildRules = (
			);
			dependencies = (
				1F9B942824CAB8610084AB76 /* PBXTargetDependency */,
			);
			name = CleanArchitectureExampleTests;
			productName = CleanArchitectureExampleTests;
			productReference = 1F9B942624CAB8610084AB76 /* CleanArchitectureExampleTests.xctest */;
			productType = "com.apple.product-type.bundle.unit-test";
		};
		1F9B943024CAB8610084AB76 /* CleanArchitectureExampleUITests */ = {
			isa = PBXNativeTarget;
			buildConfigurationList = 1F9B944024CAB8610084AB76 /* Build configuration list for PBXNativeTarget "CleanArchitectureExampleUITests" */;
			buildPhases = (
				1F9B942D24CAB8610084AB76 /* Sources */,
				1F9B942E24CAB8610084AB76 /* Frameworks */,
				1F9B942F24CAB8610084AB76 /* Resources */,
			);
			buildRules = (
			);
			dependencies = (
				1F9B943324CAB8610084AB76 /* PBXTargetDependency */,
			);
			name = CleanArchitectureExampleUITests;
			productName = CleanArchitectureExampleUITests;
			productReference = 1F9B943124CAB8610084AB76 /* CleanArchitectureExampleUITests.xctest */;
			productType = "com.apple.product-type.bundle.ui-testing";
		};
/* End PBXNativeTarget section */

/* Begin PBXProject section */
		1F9B940824CAB85F0084AB76 /* Project object */ = {
			isa = PBXProject;
			attributes = {
				LastSwiftUpdateCheck = 1160;
				LastUpgradeCheck = 1160;
				ORGANIZATIONNAME = idonuntius;
				TargetAttributes = {
					1F9B940F24CAB85F0084AB76 = {
						CreatedOnToolsVersion = 11.6;
					};
					1F9B942524CAB8610084AB76 = {
						CreatedOnToolsVersion = 11.6;
						TestTargetID = 1F9B940F24CAB85F0084AB76;
					};
					1F9B943024CAB8610084AB76 = {
						CreatedOnToolsVersion = 11.6;
						TestTargetID = 1F9B940F24CAB85F0084AB76;
					};
				};
			};
			buildConfigurationList = 1F9B940B24CAB85F0084AB76 /* Build configuration list for PBXProject "CleanArchitectureExample" */;
			compatibilityVersion = "Xcode 9.3";
			developmentRegion = en;
			hasScannedForEncodings = 0;
			knownRegions = (
				en,
				Base,
			);
			mainGroup = 1F9B940724CAB85F0084AB76;
			productRefGroup = 1F9B941124CAB85F0084AB76 /* Products */;
			projectDirPath = "";
			projectRoot = "";
			targets = (
				1F9B940F24CAB85F0084AB76 /* CleanArchitectureExample */,
				1F9B942524CAB8610084AB76 /* CleanArchitectureExampleTests */,
				1F9B943024CAB8610084AB76 /* CleanArchitectureExampleUITests */,
			);
		};
/* End PBXProject section */

/* Begin PBXResourcesBuildPhase section */
		1F9B940E24CAB85F0084AB76 /* Resources */ = {
			isa = PBXResourcesBuildPhase;
			buildActionMask = 2147483647;
			files = (
				1F9B942024CAB8610084AB76 /* LaunchScreen.storyboard in Resources */,
				1F9B941D24CAB8610084AB76 /* Preview Assets.xcassets in Resources */,
				1F9B944424CAB9F80084AB76 /* README.md in Resources */,
				1F9B941A24CAB8610084AB76 /* Assets.xcassets in Resources */,
			);
			runOnlyForDeploymentPostprocessing = 0;
		};
		1F9B942424CAB8610084AB76 /* Resources */ = {
			isa = PBXResourcesBuildPhase;
			buildActionMask = 2147483647;
			files = (
			);
			runOnlyForDeploymentPostprocessing = 0;
		};
		1F9B942F24CAB8610084AB76 /* Resources */ = {
			isa = PBXResourcesBuildPhase;
			buildActionMask = 2147483647;
			files = (
			);
			runOnlyForDeploymentPostprocessing = 0;
		};
/* End PBXResourcesBuildPhase section */

/* Begin PBXShellScriptBuildPhase section */
		1FD421B024CD492F004355F9 /* ShellScript */ = {
			isa = PBXShellScriptBuildPhase;
			buildActionMask = 2147483647;
			files = (
			);
			inputFileListPaths = (
			);
			inputPaths = (
				"$(SRCROOT)/Carthage/Build/iOS/Swinject.framework",
			);
			outputFileListPaths = (
			);
			outputPaths = (
			);
			runOnlyForDeploymentPostprocessing = 0;
			shellPath = /bin/sh;
			shellScript = "/usr/local/bin/carthage copy-frameworks\n";
		};
/* End PBXShellScriptBuildPhase section */

/* Begin PBXSourcesBuildPhase section */
		1F9B940C24CAB85F0084AB76 /* Sources */ = {
			isa = PBXSourcesBuildPhase;
			buildActionMask = 2147483647;
			files = (
				1F5ADA2A2503EFB4006662FB /* Articles.swift in Sources */,
				1F5ADA442503F40A006662FB /* ArticleListView.swift in Sources */,
				1F5ADA2E2503EFC8006662FB /* ArticleUser.swift in Sources */,
				1F5ADA302503EFD2006662FB /* ArticleId.swift in Sources */,
				1F7F4CF124CDAE3E00968C74 /* Swinject.swift in Sources */,
				1F5ADA3C2503F220006662FB /* FetchArticlesUseCaseImpl.swift in Sources */,
				1F7F4CF424CDB41700968C74 /* ActivityIndicator.swift in Sources */,
				1FBDD7F524CF4825007EF4BC /* ErrorView.swift in Sources */,
				1FD421C224CD57EA004355F9 /* ApiConstants.swift in Sources */,
				1F5ADA322503EFDB006662FB /* ArticleDate.swift in Sources */,
				1F5ADA342503F0D5006662FB /* ArticlesMapper.swift in Sources */,
				1F7F4CEA24CDABD200968C74 /* RepositoryAssembly.swift in Sources */,
				1F5ADA412503F319006662FB /* ArticleListViewModel.swift in Sources */,
				1FD421C724CD59D4004355F9 /* UserEntity.swift in Sources */,
				1F7F4CDD24CD997500968C74 /* MainView.swift in Sources */,
				1F5ADA3A2503F217006662FB /* FetchArticlesUseCase.swift in Sources */,
				1F5ADA2C2503EFBD006662FB /* Article.swift in Sources */,
				1F5ADA382503F173006662FB /* ArticlesRepositoryImpl.swift in Sources */,
				1F7F4CE824CDAB6300968C74 /* ApiAssembly.swift in Sources */,
				1F9B941424CAB85F0084AB76 /* AppDelegate.swift in Sources */,
				1F5ADA272503EEFA006662FB /* ArticleEntity.swift in Sources */,
				1F7F4CEE24CDACE800968C74 /* ViewModelAssembly.swift in Sources */,
				1F5ADA472503F4B5006662FB /* ArticleDetailView.swift in Sources */,
				1F7F4CEC24CDAC4F00968C74 /* UseCaseAssembly.swift in Sources */,
				1F5ADA362503F148006662FB /* ArticlesRepository.swift in Sources */,
				1FBDD7F724CF4AFF007EF4BC /* LoadingView.swift in Sources */,
				1F7F4CE224CD99CE00968C74 /* FavoriteView.swift in Sources */,
				1F5ADA3F2503F2EB006662FB /* ArticleListState.swift in Sources */,
				1FD421CC24CD60B4004355F9 /* ApiError.swift in Sources */,
				1F5ADA252503EE79006662FB /* ArticlesApi.swift in Sources */,
				1F9B941624CAB85F0084AB76 /* SceneDelegate.swift in Sources */,
			);
			runOnlyForDeploymentPostprocessing = 0;
		};
		1F9B942224CAB8610084AB76 /* Sources */ = {
			isa = PBXSourcesBuildPhase;
			buildActionMask = 2147483647;
			files = (
				1F9B942B24CAB8610084AB76 /* CleanArchitectureExampleTests.swift in Sources */,
			);
			runOnlyForDeploymentPostprocessing = 0;
		};
		1F9B942D24CAB8610084AB76 /* Sources */ = {
			isa = PBXSourcesBuildPhase;
			buildActionMask = 2147483647;
			files = (
				1F9B943624CAB8610084AB76 /* CleanArchitectureExampleUITests.swift in Sources */,
			);
			runOnlyForDeploymentPostprocessing = 0;
		};
/* End PBXSourcesBuildPhase section */

/* Begin PBXTargetDependency section */
		1F9B942824CAB8610084AB76 /* PBXTargetDependency */ = {
			isa = PBXTargetDependency;
			target = 1F9B940F24CAB85F0084AB76 /* CleanArchitectureExample */;
			targetProxy = 1F9B942724CAB8610084AB76 /* PBXContainerItemProxy */;
		};
		1F9B943324CAB8610084AB76 /* PBXTargetDependency */ = {
			isa = PBXTargetDependency;
			target = 1F9B940F24CAB85F0084AB76 /* CleanArchitectureExample */;
			targetProxy = 1F9B943224CAB8610084AB76 /* PBXContainerItemProxy */;
		};
/* End PBXTargetDependency section */

/* Begin PBXVariantGroup section */
		1F9B941E24CAB8610084AB76 /* LaunchScreen.storyboard */ = {
			isa = PBXVariantGroup;
			children = (
				1F9B941F24CAB8610084AB76 /* Base */,
			);
			name = LaunchScreen.storyboard;
			sourceTree = "<group>";
		};
/* End PBXVariantGroup section */

/* Begin XCBuildConfiguration section */
		1F9B943824CAB8610084AB76 /* Debug */ = {
			isa = XCBuildConfiguration;
			buildSettings = {
				ALWAYS_SEARCH_USER_PATHS = NO;
				CLANG_ANALYZER_NONNULL = YES;
				CLANG_ANALYZER_NUMBER_OBJECT_CONVERSION = YES_AGGRESSIVE;
				CLANG_CXX_LANGUAGE_STANDARD = "gnu++14";
				CLANG_CXX_LIBRARY = "libc++";
				CLANG_ENABLE_MODULES = YES;
				CLANG_ENABLE_OBJC_ARC = YES;
				CLANG_ENABLE_OBJC_WEAK = YES;
				CLANG_WARN_BLOCK_CAPTURE_AUTORELEASING = YES;
				CLANG_WARN_BOOL_CONVERSION = YES;
				CLANG_WARN_COMMA = YES;
				CLANG_WARN_CONSTANT_CONVERSION = YES;
				CLANG_WARN_DEPRECATED_OBJC_IMPLEMENTATIONS = YES;
				CLANG_WARN_DIRECT_OBJC_ISA_USAGE = YES_ERROR;
				CLANG_WARN_DOCUMENTATION_COMMENTS = YES;
				CLANG_WARN_EMPTY_BODY = YES;
				CLANG_WARN_ENUM_CONVERSION = YES;
				CLANG_WARN_INFINITE_RECURSION = YES;
				CLANG_WARN_INT_CONVERSION = YES;
				CLANG_WARN_NON_LITERAL_NULL_CONVERSION = YES;
				CLANG_WARN_OBJC_IMPLICIT_RETAIN_SELF = YES;
				CLANG_WARN_OBJC_LITERAL_CONVERSION = YES;
				CLANG_WARN_OBJC_ROOT_CLASS = YES_ERROR;
				CLANG_WARN_RANGE_LOOP_ANALYSIS = YES;
				CLANG_WARN_STRICT_PROTOTYPES = YES;
				CLANG_WARN_SUSPICIOUS_MOVE = YES;
				CLANG_WARN_UNGUARDED_AVAILABILITY = YES_AGGRESSIVE;
				CLANG_WARN_UNREACHABLE_CODE = YES;
				CLANG_WARN__DUPLICATE_METHOD_MATCH = YES;
				COPY_PHASE_STRIP = NO;
				DEBUG_INFORMATION_FORMAT = dwarf;
				ENABLE_STRICT_OBJC_MSGSEND = YES;
				ENABLE_TESTABILITY = YES;
				GCC_C_LANGUAGE_STANDARD = gnu11;
				GCC_DYNAMIC_NO_PIC = NO;
				GCC_NO_COMMON_BLOCKS = YES;
				GCC_OPTIMIZATION_LEVEL = 0;
				GCC_PREPROCESSOR_DEFINITIONS = (
					"DEBUG=1",
					"$(inherited)",
				);
				GCC_WARN_64_TO_32_BIT_CONVERSION = YES;
				GCC_WARN_ABOUT_RETURN_TYPE = YES_ERROR;
				GCC_WARN_UNDECLARED_SELECTOR = YES;
				GCC_WARN_UNINITIALIZED_AUTOS = YES_AGGRESSIVE;
				GCC_WARN_UNUSED_FUNCTION = YES;
				GCC_WARN_UNUSED_VARIABLE = YES;
				IPHONEOS_DEPLOYMENT_TARGET = 13.6;
				MTL_ENABLE_DEBUG_INFO = INCLUDE_SOURCE;
				MTL_FAST_MATH = YES;
				ONLY_ACTIVE_ARCH = YES;
				SDKROOT = iphoneos;
				SWIFT_ACTIVE_COMPILATION_CONDITIONS = DEBUG;
				SWIFT_OPTIMIZATION_LEVEL = "-Onone";
			};
			name = Debug;
		};
		1F9B943924CAB8610084AB76 /* Release */ = {
			isa = XCBuildConfiguration;
			buildSettings = {
				ALWAYS_SEARCH_USER_PATHS = NO;
				CLANG_ANALYZER_NONNULL = YES;
				CLANG_ANALYZER_NUMBER_OBJECT_CONVERSION = YES_AGGRESSIVE;
				CLANG_CXX_LANGUAGE_STANDARD = "gnu++14";
				CLANG_CXX_LIBRARY = "libc++";
				CLANG_ENABLE_MODULES = YES;
				CLANG_ENABLE_OBJC_ARC = YES;
				CLANG_ENABLE_OBJC_WEAK = YES;
				CLANG_WARN_BLOCK_CAPTURE_AUTORELEASING = YES;
				CLANG_WARN_BOOL_CONVERSION = YES;
				CLANG_WARN_COMMA = YES;
				CLANG_WARN_CONSTANT_CONVERSION = YES;
				CLANG_WARN_DEPRECATED_OBJC_IMPLEMENTATIONS = YES;
				CLANG_WARN_DIRECT_OBJC_ISA_USAGE = YES_ERROR;
				CLANG_WARN_DOCUMENTATION_COMMENTS = YES;
				CLANG_WARN_EMPTY_BODY = YES;
				CLANG_WARN_ENUM_CONVERSION = YES;
				CLANG_WARN_INFINITE_RECURSION = YES;
				CLANG_WARN_INT_CONVERSION = YES;
				CLANG_WARN_NON_LITERAL_NULL_CONVERSION = YES;
				CLANG_WARN_OBJC_IMPLICIT_RETAIN_SELF = YES;
				CLANG_WARN_OBJC_LITERAL_CONVERSION = YES;
				CLANG_WARN_OBJC_ROOT_CLASS = YES_ERROR;
				CLANG_WARN_RANGE_LOOP_ANALYSIS = YES;
				CLANG_WARN_STRICT_PROTOTYPES = YES;
				CLANG_WARN_SUSPICIOUS_MOVE = YES;
				CLANG_WARN_UNGUARDED_AVAILABILITY = YES_AGGRESSIVE;
				CLANG_WARN_UNREACHABLE_CODE = YES;
				CLANG_WARN__DUPLICATE_METHOD_MATCH = YES;
				COPY_PHASE_STRIP = NO;
				DEBUG_INFORMATION_FORMAT = "dwarf-with-dsym";
				ENABLE_NS_ASSERTIONS = NO;
				ENABLE_STRICT_OBJC_MSGSEND = YES;
				GCC_C_LANGUAGE_STANDARD = gnu11;
				GCC_NO_COMMON_BLOCKS = YES;
				GCC_WARN_64_TO_32_BIT_CONVERSION = YES;
				GCC_WARN_ABOUT_RETURN_TYPE = YES_ERROR;
				GCC_WARN_UNDECLARED_SELECTOR = YES;
				GCC_WARN_UNINITIALIZED_AUTOS = YES_AGGRESSIVE;
				GCC_WARN_UNUSED_FUNCTION = YES;
				GCC_WARN_UNUSED_VARIABLE = YES;
				IPHONEOS_DEPLOYMENT_TARGET = 13.6;
				MTL_ENABLE_DEBUG_INFO = NO;
				MTL_FAST_MATH = YES;
				SDKROOT = iphoneos;
				SWIFT_COMPILATION_MODE = wholemodule;
				SWIFT_OPTIMIZATION_LEVEL = "-O";
				VALIDATE_PRODUCT = YES;
			};
			name = Release;
		};
		1F9B943B24CAB8610084AB76 /* Debug */ = {
			isa = XCBuildConfiguration;
			buildSettings = {
				ASSETCATALOG_COMPILER_APPICON_NAME = AppIcon;
				CODE_SIGN_STYLE = Automatic;
				DEVELOPMENT_ASSET_PATHS = "\"CleanArchitectureExample/Preview Content\"";
				DEVELOPMENT_TEAM = FY775XZ7F9;
				ENABLE_PREVIEWS = YES;
				FRAMEWORK_SEARCH_PATHS = (
					"$(inherited)",
					"$(PROJECT_DIR)/Carthage/Build/iOS",
				);
				INFOPLIST_FILE = CleanArchitectureExample/Info.plist;
				LD_RUNPATH_SEARCH_PATHS = (
					"$(inherited)",
					"@executable_path/Frameworks",
				);
				PRODUCT_BUNDLE_IDENTIFIER = com.idonuntius.CleanArchitectureExample;
				PRODUCT_NAME = "$(TARGET_NAME)";
				SWIFT_VERSION = 5.0;
				TARGETED_DEVICE_FAMILY = "1,2";
			};
			name = Debug;
		};
		1F9B943C24CAB8610084AB76 /* Release */ = {
			isa = XCBuildConfiguration;
			buildSettings = {
				ASSETCATALOG_COMPILER_APPICON_NAME = AppIcon;
				CODE_SIGN_STYLE = Automatic;
				DEVELOPMENT_ASSET_PATHS = "\"CleanArchitectureExample/Preview Content\"";
				DEVELOPMENT_TEAM = FY775XZ7F9;
				ENABLE_PREVIEWS = YES;
				FRAMEWORK_SEARCH_PATHS = (
					"$(inherited)",
					"$(PROJECT_DIR)/Carthage/Build/iOS",
				);
				INFOPLIST_FILE = CleanArchitectureExample/Info.plist;
				LD_RUNPATH_SEARCH_PATHS = (
					"$(inherited)",
					"@executable_path/Frameworks",
				);
				PRODUCT_BUNDLE_IDENTIFIER = com.idonuntius.CleanArchitectureExample;
				PRODUCT_NAME = "$(TARGET_NAME)";
				SWIFT_VERSION = 5.0;
				TARGETED_DEVICE_FAMILY = "1,2";
			};
			name = Release;
		};
		1F9B943E24CAB8610084AB76 /* Debug */ = {
			isa = XCBuildConfiguration;
			buildSettings = {
				ALWAYS_EMBED_SWIFT_STANDARD_LIBRARIES = YES;
				BUNDLE_LOADER = "$(TEST_HOST)";
				CODE_SIGN_STYLE = Automatic;
				DEVELOPMENT_TEAM = FY775XZ7F9;
				INFOPLIST_FILE = CleanArchitectureExampleTests/Info.plist;
				IPHONEOS_DEPLOYMENT_TARGET = 13.6;
				LD_RUNPATH_SEARCH_PATHS = (
					"$(inherited)",
					"@executable_path/Frameworks",
					"@loader_path/Frameworks",
				);
				PRODUCT_BUNDLE_IDENTIFIER = com.idonuntius.CleanArchitectureExampleTests;
				PRODUCT_NAME = "$(TARGET_NAME)";
				SWIFT_VERSION = 5.0;
				TARGETED_DEVICE_FAMILY = "1,2";
				TEST_HOST = "$(BUILT_PRODUCTS_DIR)/CleanArchitectureExample.app/CleanArchitectureExample";
			};
			name = Debug;
		};
		1F9B943F24CAB8610084AB76 /* Release */ = {
			isa = XCBuildConfiguration;
			buildSettings = {
				ALWAYS_EMBED_SWIFT_STANDARD_LIBRARIES = YES;
				BUNDLE_LOADER = "$(TEST_HOST)";
				CODE_SIGN_STYLE = Automatic;
				DEVELOPMENT_TEAM = FY775XZ7F9;
				INFOPLIST_FILE = CleanArchitectureExampleTests/Info.plist;
				IPHONEOS_DEPLOYMENT_TARGET = 13.6;
				LD_RUNPATH_SEARCH_PATHS = (
					"$(inherited)",
					"@executable_path/Frameworks",
					"@loader_path/Frameworks",
				);
				PRODUCT_BUNDLE_IDENTIFIER = com.idonuntius.CleanArchitectureExampleTests;
				PRODUCT_NAME = "$(TARGET_NAME)";
				SWIFT_VERSION = 5.0;
				TARGETED_DEVICE_FAMILY = "1,2";
				TEST_HOST = "$(BUILT_PRODUCTS_DIR)/CleanArchitectureExample.app/CleanArchitectureExample";
			};
			name = Release;
		};
		1F9B944124CAB8610084AB76 /* Debug */ = {
			isa = XCBuildConfiguration;
			buildSettings = {
				ALWAYS_EMBED_SWIFT_STANDARD_LIBRARIES = YES;
				CODE_SIGN_STYLE = Automatic;
				DEVELOPMENT_TEAM = FY775XZ7F9;
				INFOPLIST_FILE = CleanArchitectureExampleUITests/Info.plist;
				LD_RUNPATH_SEARCH_PATHS = (
					"$(inherited)",
					"@executable_path/Frameworks",
					"@loader_path/Frameworks",
				);
				PRODUCT_BUNDLE_IDENTIFIER = com.idonuntius.CleanArchitectureExampleUITests;
				PRODUCT_NAME = "$(TARGET_NAME)";
				SWIFT_VERSION = 5.0;
				TARGETED_DEVICE_FAMILY = "1,2";
				TEST_TARGET_NAME = CleanArchitectureExample;
			};
			name = Debug;
		};
		1F9B944224CAB8610084AB76 /* Release */ = {
			isa = XCBuildConfiguration;
			buildSettings = {
				ALWAYS_EMBED_SWIFT_STANDARD_LIBRARIES = YES;
				CODE_SIGN_STYLE = Automatic;
				DEVELOPMENT_TEAM = FY775XZ7F9;
				INFOPLIST_FILE = CleanArchitectureExampleUITests/Info.plist;
				LD_RUNPATH_SEARCH_PATHS = (
					"$(inherited)",
					"@executable_path/Frameworks",
					"@loader_path/Frameworks",
				);
				PRODUCT_BUNDLE_IDENTIFIER = com.idonuntius.CleanArchitectureExampleUITests;
				PRODUCT_NAME = "$(TARGET_NAME)";
				SWIFT_VERSION = 5.0;
				TARGETED_DEVICE_FAMILY = "1,2";
				TEST_TARGET_NAME = CleanArchitectureExample;
			};
			name = Release;
		};
/* End XCBuildConfiguration section */

/* Begin XCConfigurationList section */
		1F9B940B24CAB85F0084AB76 /* Build configuration list for PBXProject "CleanArchitectureExample" */ = {
			isa = XCConfigurationList;
			buildConfigurations = (
				1F9B943824CAB8610084AB76 /* Debug */,
				1F9B943924CAB8610084AB76 /* Release */,
			);
			defaultConfigurationIsVisible = 0;
			defaultConfigurationName = Release;
		};
		1F9B943A24CAB8610084AB76 /* Build configuration list for PBXNativeTarget "CleanArchitectureExample" */ = {
			isa = XCConfigurationList;
			buildConfigurations = (
				1F9B943B24CAB8610084AB76 /* Debug */,
				1F9B943C24CAB8610084AB76 /* Release */,
			);
			defaultConfigurationIsVisible = 0;
			defaultConfigurationName = Release;
		};
		1F9B943D24CAB8610084AB76 /* Build configuration list for PBXNativeTarget "CleanArchitectureExampleTests" */ = {
			isa = XCConfigurationList;
			buildConfigurations = (
				1F9B943E24CAB8610084AB76 /* Debug */,
				1F9B943F24CAB8610084AB76 /* Release */,
			);
			defaultConfigurationIsVisible = 0;
			defaultConfigurationName = Release;
		};
		1F9B944024CAB8610084AB76 /* Build configuration list for PBXNativeTarget "CleanArchitectureExampleUITests" */ = {
			isa = XCConfigurationList;
			buildConfigurations = (
				1F9B944124CAB8610084AB76 /* Debug */,
				1F9B944224CAB8610084AB76 /* Release */,
			);
			defaultConfigurationIsVisible = 0;
			defaultConfigurationName = Release;
		};
/* End XCConfigurationList section */
	};
	rootObject = 1F9B940824CAB85F0084AB76 /* Project object */;
}
